PODS:
  - AliyunIOSNuiSDK (0.0.1)
  - Flutter (1.0.0)
  - flutter_aliyun_nui (0.0.1):
    - AliyunIOSNuiSDK
    - Flutter

DEPENDENCIES:
  - AliyunIOSNuiSDK (from `/Users/andy/zwork/code/AliyunIOSNuiSDK`)
  - Flutter (from `Flutter`)
  - flutter_aliyun_nui (from `.symlinks/plugins/flutter_aliyun_nui/ios`)

EXTERNAL SOURCES:
  AliyunIOSNuiSDK:
    :path: "/Users/andy/zwork/code/AliyunIOSNuiSDK"
  Flutter:
    :path: Flutter
  flutter_aliyun_nui:
    :path: ".symlinks/plugins/flutter_aliyun_nui/ios"

SPEC CHECKSUMS:
  AliyunIOSNuiSDK: 09ec2bfd387e68f962478c0cfa40fbc8261ada49
  Flutter: e0871f40cf51350855a761d2e70bf5af5b9b5de7
  flutter_aliyun_nui: d0df2b16a383088fae687f2da277da2eea4e765b

PODFILE CHECKSUM: f4842d1dbb5e6c7516106b54a7e1f908921a3a41

COCOAPODS: 1.16.2
